# THIS IS AN AUTOGENERATED FILE. DO NOT EDIT THIS FILE DIRECTLY.
# yarn lockfile v1


"@budarin/ulid@^1.0.0":
  version "1.0.0"
  resolved "https://registry.yarnpkg.com/@budarin/ulid/-/ulid-1.0.0.tgz#92a85e6c632edf3c8cb6c05b4785242db1f19d87"
  integrity sha512-DzIrH3ZaLzMZJFodaw4dXBSUH18OeDF8AR1X8uHQzZJGwVKOEckG9gHnOa6fPC0V0DgDTCVsyyUmqr6pG8Aj4A==

typescript@^5.3.2:
  version "5.3.2"
  resolved "https://registry.yarnpkg.com/typescript/-/typescript-5.3.2.tgz#00d1c7c1c46928c5845c1ee8d0cc2791031d4c43"
  integrity sha512-6l+RyNy7oAHDfxC4FzSJcz9vnjTKxrLpDG5M2Vu4SHRVNg6xzqZp6LYSR9zjqQTu8DU/f5xwxUdADOkbrIX2gQ==
